Microsoft Visual Studio Solution File, Format Version 12.00
# Visual Studio Version 17
VisualStudioVersion = 17.5.2.0
MinimumVisualStudioVersion = 10.0.40219.1
Project("{FAE04EC0-301F-11D3-BF4B-00C04F79EFBC}") = "MindBodyDictionary.Shared", "MindBodyDictionary.Shared\MindBodyDictionary.Shared.csproj", "{60DAC59C-578B-115F-5CD9-A3CDD76B7E15}"
EndProject
Global
	GlobalSection(SolutionConfigurationPlatforms) = preSolution
		Debug|Any CPU = Debug|Any CPU
		Release|Any CPU = Release|Any CPU
	EndGlobalSection
	GlobalSection(ProjectConfigurationPlatforms) = postSolution
		{60DAC59C-578B-115F-5CD9-A3CDD76B7E15}.Debug|Any CPU.ActiveCfg = Debug|Any CPU
		{60DAC59C-578B-115F-5CD9-A3CDD76B7E15}.Debug|Any CPU.Build.0 = Debug|Any CPU
		{60DAC59C-578B-115F-5CD9-A3CDD76B7E15}.Release|Any CPU.ActiveCfg = Release|Any CPU
		{60DAC59C-578B-115F-5CD9-A3CDD76B7E15}.Release|Any CPU.Build.0 = Release|Any CPU
	EndGlobalSection
	GlobalSection(SolutionProperties) = preSolution
		HideSolutionNode = FALSE
	EndGlobalSection
	GlobalSection(ExtensibilityGlobals) = postSolution
		SolutionGuid = {91DA97DE-EC17-40A3-BFA5-F68C3A787880}
	EndGlobalSection
EndGlobal
